{
  "version": 4,
  "terraform_version": "0.14.4",
  "serial": 4,
  "lineage": "db9254c9-aa00-9950-fd32-39407d3f3d15",
  "outputs": {},
  "resources": [
    {
      "module": "module.database",
      "mode": "managed",
      "type": "mysql_database",
      "name": "app",
      "provider": "module.database.provider[\"registry.terraform.io/winebarrel/mysql\"]",
      "instances": [
        {
          "schema_version": 0,
          "attributes": {
            "default_character_set": "utf8",
            "default_collation": "utf8_general_ci",
            "id": "prod_db",
            "name": "prod_db"
          },
          "sensitive_attributes": [],
          "private": "bnVsbA=="
        }
      ]
    },
    {
      "module": "module.user_grants",
      "mode": "managed",
      "type": "mysql_grant",
      "name": "newuser1",
      "provider": "module.user_grants.provider[\"registry.terraform.io/winebarrel/mysql\"]",
      "instances": [
        {
          "schema_version": 0,
          "attributes": {
            "database": "../modules/database",
            "grant": false,
            "host": "localhost",
            "id": "prod_user@localhost:`../modules/database`",
            "privileges": [
              "ALL PRIVILEGES"
            ],
            "role": null,
            "roles": null,
            "table": "*",
            "tls_option": "NONE",
            "user": "prod_user"
          },
          "sensitive_attributes": [],
          "private": "bnVsbA==",
          "dependencies": [
            "module.user_grants.mysql_user.newuser1"
          ]
        }
      ]
    },
    {
      "module": "module.user_grants",
      "mode": "managed",
      "type": "mysql_user",
      "name": "newuser1",
      "provider": "module.user_grants.provider[\"registry.terraform.io/winebarrel/mysql\"]",
      "instances": [
        {
          "schema_version": 0,
          "attributes": {
            "auth_plugin": null,
            "host": "localhost",
            "id": "prod_user@localhost",
            "password": null,
            "plaintext_password": "9efa09db1ba029d0a7d462ae05d0f2172c23416a244446e8464f6a2bb467162f",
            "tls_option": "NONE",
            "user": "prod_user"
          },
          "sensitive_attributes": [],
          "private": "bnVsbA=="
        }
      ]
    }
  ]
}
